
Microsoft Visual Studio Solution File, Format Version 12.00
# Visual Studio 15
VisualStudioVersion = 15.0.26124.0
MinimumVisualStudioVersion = 15.0.26124.0
Project("{2150E333-8FDC-42A3-9474-1A3956D46DE8}") = "src", "src", "{0EBCFECD-1961-48FA-ADBC-5FCB790880BA}"
EndProject
Project("{FAE04EC0-301F-11D3-BF4B-00C04F79EFBC}") = "Application", "src\Application\Application.csproj", "{D6533097-B35E-4772-9DD1-023637F88C3A}"
EndProject
Project("{FAE04EC0-301F-11D3-BF4B-00C04F79EFBC}") = "Infrastructure", "src\Infrastructure\Infrastructure.csproj", "{74759C0F-6F07-426A-9BF6-A1FDA8763D24}"
EndProject
Project("{FAE04EC0-301F-11D3-BF4B-00C04F79EFBC}") = "Domain", "src\Domain\Domain.csproj", "{1B32CD66-DDB6-483E-9408-CD78F5403450}"
EndProject
Project("{FAE04EC0-301F-11D3-BF4B-00C04F79EFBC}") = "ConsoleApp", "src\ConsoleApp\ConsoleApp.csproj", "{B97A2342-B3BE-4F5D-8172-00490F7F22F3}"
EndProject
Project("{2150E333-8FDC-42A3-9474-1A3956D46DE8}") = "tests", "tests", "{5C0211F6-BB53-4ECB-A337-2D3A4F1E5D75}"
EndProject
Project("{FAE04EC0-301F-11D3-BF4B-00C04F79EFBC}") = "ConsoleApp.Test", "tests\ConsoleApp.Test\ConsoleApp.Test.csproj", "{327B52E9-4C35-4AB0-94D5-35E6E20DD164}"
EndProject
Project("{FAE04EC0-301F-11D3-BF4B-00C04F79EFBC}") = "Domain.Test", "tests\Domain.Test\Domain.Test.csproj", "{9BED6075-AEB9-4633-9F32-CCEF3CD38167}"
EndProject
Global
	GlobalSection(SolutionConfigurationPlatforms) = preSolution
		Debug|Any CPU = Debug|Any CPU
		Debug|x64 = Debug|x64
		Debug|x86 = Debug|x86
		Release|Any CPU = Release|Any CPU
		Release|x64 = Release|x64
		Release|x86 = Release|x86
	EndGlobalSection
	GlobalSection(SolutionProperties) = preSolution
		HideSolutionNode = FALSE
	EndGlobalSection
	GlobalSection(ProjectConfigurationPlatforms) = postSolution
		{D6533097-B35E-4772-9DD1-023637F88C3A}.Debug|Any CPU.ActiveCfg = Debug|Any CPU
		{D6533097-B35E-4772-9DD1-023637F88C3A}.Debug|Any CPU.Build.0 = Debug|Any CPU
		{D6533097-B35E-4772-9DD1-023637F88C3A}.Debug|x64.ActiveCfg = Debug|Any CPU
		{D6533097-B35E-4772-9DD1-023637F88C3A}.Debug|x64.Build.0 = Debug|Any CPU
		{D6533097-B35E-4772-9DD1-023637F88C3A}.Debug|x86.ActiveCfg = Debug|Any CPU
		{D6533097-B35E-4772-9DD1-023637F88C3A}.Debug|x86.Build.0 = Debug|Any CPU
		{D6533097-B35E-4772-9DD1-023637F88C3A}.Release|Any CPU.ActiveCfg = Release|Any CPU
		{D6533097-B35E-4772-9DD1-023637F88C3A}.Release|Any CPU.Build.0 = Release|Any CPU
		{D6533097-B35E-4772-9DD1-023637F88C3A}.Release|x64.ActiveCfg = Release|Any CPU
		{D6533097-B35E-4772-9DD1-023637F88C3A}.Release|x64.Build.0 = Release|Any CPU
		{D6533097-B35E-4772-9DD1-023637F88C3A}.Release|x86.ActiveCfg = Release|Any CPU
		{D6533097-B35E-4772-9DD1-023637F88C3A}.Release|x86.Build.0 = Release|Any CPU
		{74759C0F-6F07-426A-9BF6-A1FDA8763D24}.Debug|Any CPU.ActiveCfg = Debug|Any CPU
		{74759C0F-6F07-426A-9BF6-A1FDA8763D24}.Debug|Any CPU.Build.0 = Debug|Any CPU
		{74759C0F-6F07-426A-9BF6-A1FDA8763D24}.Debug|x64.ActiveCfg = Debug|Any CPU
		{74759C0F-6F07-426A-9BF6-A1FDA8763D24}.Debug|x64.Build.0 = Debug|Any CPU
		{74759C0F-6F07-426A-9BF6-A1FDA8763D24}.Debug|x86.ActiveCfg = Debug|Any CPU
		{74759C0F-6F07-426A-9BF6-A1FDA8763D24}.Debug|x86.Build.0 = Debug|Any CPU
		{74759C0F-6F07-426A-9BF6-A1FDA8763D24}.Release|Any CPU.ActiveCfg = Release|Any CPU
		{74759C0F-6F07-426A-9BF6-A1FDA8763D24}.Release|Any CPU.Build.0 = Release|Any CPU
		{74759C0F-6F07-426A-9BF6-A1FDA8763D24}.Release|x64.ActiveCfg = Release|Any CPU
		{74759C0F-6F07-426A-9BF6-A1FDA8763D24}.Release|x64.Build.0 = Release|Any CPU
		{74759C0F-6F07-426A-9BF6-A1FDA8763D24}.Release|x86.ActiveCfg = Release|Any CPU
		{74759C0F-6F07-426A-9BF6-A1FDA8763D24}.Release|x86.Build.0 = Release|Any CPU
		{1B32CD66-DDB6-483E-9408-CD78F5403450}.Debug|Any CPU.ActiveCfg = Debug|Any CPU
		{1B32CD66-DDB6-483E-9408-CD78F5403450}.Debug|Any CPU.Build.0 = Debug|Any CPU
		{1B32CD66-DDB6-483E-9408-CD78F5403450}.Debug|x64.ActiveCfg = Debug|Any CPU
		{1B32CD66-DDB6-483E-9408-CD78F5403450}.Debug|x64.Build.0 = Debug|Any CPU
		{1B32CD66-DDB6-483E-9408-CD78F5403450}.Debug|x86.ActiveCfg = Debug|Any CPU
		{1B32CD66-DDB6-483E-9408-CD78F5403450}.Debug|x86.Build.0 = Debug|Any CPU
		{1B32CD66-DDB6-483E-9408-CD78F5403450}.Release|Any CPU.ActiveCfg = Release|Any CPU
		{1B32CD66-DDB6-483E-9408-CD78F5403450}.Release|Any CPU.Build.0 = Release|Any CPU
		{1B32CD66-DDB6-483E-9408-CD78F5403450}.Release|x64.ActiveCfg = Release|Any CPU
		{1B32CD66-DDB6-483E-9408-CD78F5403450}.Release|x64.Build.0 = Release|Any CPU
		{1B32CD66-DDB6-483E-9408-CD78F5403450}.Release|x86.ActiveCfg = Release|Any CPU
		{1B32CD66-DDB6-483E-9408-CD78F5403450}.Release|x86.Build.0 = Release|Any CPU
		{B97A2342-B3BE-4F5D-8172-00490F7F22F3}.Debug|Any CPU.ActiveCfg = Debug|Any CPU
		{B97A2342-B3BE-4F5D-8172-00490F7F22F3}.Debug|Any CPU.Build.0 = Debug|Any CPU
		{B97A2342-B3BE-4F5D-8172-00490F7F22F3}.Debug|x64.ActiveCfg = Debug|Any CPU
		{B97A2342-B3BE-4F5D-8172-00490F7F22F3}.Debug|x64.Build.0 = Debug|Any CPU
		{B97A2342-B3BE-4F5D-8172-00490F7F22F3}.Debug|x86.ActiveCfg = Debug|Any CPU
		{B97A2342-B3BE-4F5D-8172-00490F7F22F3}.Debug|x86.Build.0 = Debug|Any CPU
		{B97A2342-B3BE-4F5D-8172-00490F7F22F3}.Release|Any CPU.ActiveCfg = Release|Any CPU
		{B97A2342-B3BE-4F5D-8172-00490F7F22F3}.Release|Any CPU.Build.0 = Release|Any CPU
		{B97A2342-B3BE-4F5D-8172-00490F7F22F3}.Release|x64.ActiveCfg = Release|Any CPU
		{B97A2342-B3BE-4F5D-8172-00490F7F22F3}.Release|x64.Build.0 = Release|Any CPU
		{B97A2342-B3BE-4F5D-8172-00490F7F22F3}.Release|x86.ActiveCfg = Release|Any CPU
		{B97A2342-B3BE-4F5D-8172-00490F7F22F3}.Release|x86.Build.0 = Release|Any CPU
		{327B52E9-4C35-4AB0-94D5-35E6E20DD164}.Debug|Any CPU.ActiveCfg = Debug|Any CPU
		{327B52E9-4C35-4AB0-94D5-35E6E20DD164}.Debug|Any CPU.Build.0 = Debug|Any CPU
		{327B52E9-4C35-4AB0-94D5-35E6E20DD164}.Debug|x64.ActiveCfg = Debug|Any CPU
		{327B52E9-4C35-4AB0-94D5-35E6E20DD164}.Debug|x64.Build.0 = Debug|Any CPU
		{327B52E9-4C35-4AB0-94D5-35E6E20DD164}.Debug|x86.ActiveCfg = Debug|Any CPU
		{327B52E9-4C35-4AB0-94D5-35E6E20DD164}.Debug|x86.Build.0 = Debug|Any CPU
		{327B52E9-4C35-4AB0-94D5-35E6E20DD164}.Release|Any CPU.ActiveCfg = Release|Any CPU
		{327B52E9-4C35-4AB0-94D5-35E6E20DD164}.Release|Any CPU.Build.0 = Release|Any CPU
		{327B52E9-4C35-4AB0-94D5-35E6E20DD164}.Release|x64.ActiveCfg = Release|Any CPU
		{327B52E9-4C35-4AB0-94D5-35E6E20DD164}.Release|x64.Build.0 = Release|Any CPU
		{327B52E9-4C35-4AB0-94D5-35E6E20DD164}.Release|x86.ActiveCfg = Release|Any CPU
		{327B52E9-4C35-4AB0-94D5-35E6E20DD164}.Release|x86.Build.0 = Release|Any CPU
		{9BED6075-AEB9-4633-9F32-CCEF3CD38167}.Debug|Any CPU.ActiveCfg = Debug|Any CPU
		{9BED6075-AEB9-4633-9F32-CCEF3CD38167}.Debug|Any CPU.Build.0 = Debug|Any CPU
		{9BED6075-AEB9-4633-9F32-CCEF3CD38167}.Debug|x64.ActiveCfg = Debug|Any CPU
		{9BED6075-AEB9-4633-9F32-CCEF3CD38167}.Debug|x64.Build.0 = Debug|Any CPU
		{9BED6075-AEB9-4633-9F32-CCEF3CD38167}.Debug|x86.ActiveCfg = Debug|Any CPU
		{9BED6075-AEB9-4633-9F32-CCEF3CD38167}.Debug|x86.Build.0 = Debug|Any CPU
		{9BED6075-AEB9-4633-9F32-CCEF3CD38167}.Release|Any CPU.ActiveCfg = Release|Any CPU
		{9BED6075-AEB9-4633-9F32-CCEF3CD38167}.Release|Any CPU.Build.0 = Release|Any CPU
		{9BED6075-AEB9-4633-9F32-CCEF3CD38167}.Release|x64.ActiveCfg = Release|Any CPU
		{9BED6075-AEB9-4633-9F32-CCEF3CD38167}.Release|x64.Build.0 = Release|Any CPU
		{9BED6075-AEB9-4633-9F32-CCEF3CD38167}.Release|x86.ActiveCfg = Release|Any CPU
		{9BED6075-AEB9-4633-9F32-CCEF3CD38167}.Release|x86.Build.0 = Release|Any CPU
	EndGlobalSection
	GlobalSection(NestedProjects) = preSolution
		{D6533097-B35E-4772-9DD1-023637F88C3A} = {0EBCFECD-1961-48FA-ADBC-5FCB790880BA}
		{74759C0F-6F07-426A-9BF6-A1FDA8763D24} = {0EBCFECD-1961-48FA-ADBC-5FCB790880BA}
		{1B32CD66-DDB6-483E-9408-CD78F5403450} = {0EBCFECD-1961-48FA-ADBC-5FCB790880BA}
		{B97A2342-B3BE-4F5D-8172-00490F7F22F3} = {0EBCFECD-1961-48FA-ADBC-5FCB790880BA}
		{327B52E9-4C35-4AB0-94D5-35E6E20DD164} = {5C0211F6-BB53-4ECB-A337-2D3A4F1E5D75}
		{9BED6075-AEB9-4633-9F32-CCEF3CD38167} = {5C0211F6-BB53-4ECB-A337-2D3A4F1E5D75}
	EndGlobalSection
EndGlobal
